<Solution>
  <Folder Name="/Common/">
    <Project Path="ASE.EnterpriseApi/ASE.EnterpriseApi.csproj" />
    <Project Path="ASE.Libraries/ASE.Libraries.csproj" />
  </Folder>
  <Folder Name="/Scratch/">
    <Project Path="ASE.SimpleAgent/ASE.SimpleAgent.csproj" />
    <Project Path="ASE.SimpleAgentSearch/ASE.SimpleAgentSearch.csproj" />
  </Folder>
  <Folder Name="/Search/" />
  <Project Path="../../tests/ASE.Libraries.Tests/ASE.Libraries.Tests.csproj" />
</Solution>
